// !$*UTF8*$!
{
	archiveVersion = 1;
	classes = {
	};
	objectVersion = 46;
	objects = {

/* Begin PBXBuildFile section */
		135479A6BC4245C09E1A0796 /* libPods.a in Frameworks */ = {isa = PBXBuildFile; fileRef = 4A75F46F5E794CB19287E86D /* libPods.a */; };
		D6A9839D19BC0ADA0068E0BB /* Foundation.framework in Frameworks */ = {isa = PBXBuildFile; fileRef = D6A9839C19BC0ADA0068E0BB /* Foundation.framework */; };
		D6A9839F19BC0ADA0068E0BB /* CoreGraphics.framework in Frameworks */ = {isa = PBXBuildFile; fileRef = D6A9839E19BC0ADA0068E0BB /* CoreGraphics.framework */; };
		D6A983A119BC0ADA0068E0BB /* UIKit.framework in Frameworks */ = {isa = PBXBuildFile; fileRef = D6A983A019BC0ADA0068E0BB /* UIKit.framework */; };
		D6A983A719BC0ADA0068E0BB /* InfoPlist.strings in Resources */ = {isa = PBXBuildFile; fileRef = D6A983A519BC0ADA0068E0BB /* InfoPlist.strings */; };
		D6A983A919BC0ADA0068E0BB /* main.m in Sources */ = {isa = PBXBuildFile; fileRef = D6A983A819BC0ADA0068E0BB /* main.m */; };
		D6A983AD19BC0ADA0068E0BB /* AppDelegate.m in Sources */ = {isa = PBXBuildFile; fileRef = D6A983AC19BC0ADA0068E0BB /* AppDelegate.m */; };
		D6A983B019BC0ADA0068E0BB /* Main.storyboard in Resources */ = {isa = PBXBuildFile; fileRef = D6A983AE19BC0ADA0068E0BB /* Main.storyboard */; };
		D6A983B319BC0ADA0068E0BB /* ViewController.m in Sources */ = {isa = PBXBuildFile; fileRef = D6A983B219BC0ADA0068E0BB /* ViewController.m */; };
		D6A983B519BC0ADA0068E0BB /* Images.xcassets in Resources */ = {isa = PBXBuildFile; fileRef = D6A983B419BC0ADA0068E0BB /* Images.xcassets */; };
		D6A983BC19BC0ADA0068E0BB /* XCTest.framework in Frameworks */ = {isa = PBXBuildFile; fileRef = D6A983BB19BC0ADA0068E0BB /* XCTest.framework */; };
		D6A983BD19BC0ADA0068E0BB /* Foundation.framework in Frameworks */ = {isa = PBXBuildFile; fileRef = D6A9839C19BC0ADA0068E0BB /* Foundation.framework */; };
		D6A983BE19BC0ADA0068E0BB /* UIKit.framework in Frameworks */ = {isa = PBXBuildFile; fileRef = D6A983A019BC0ADA0068E0BB /* UIKit.framework */; };
		D6A983C619BC0ADA0068E0BB /* InfoPlist.strings in Resources */ = {isa = PBXBuildFile; fileRef = D6A983C419BC0ADA0068E0BB /* InfoPlist.strings */; };
		D6A983C819BC0ADA0068E0BB /* RAC_tryTests.m in Sources */ = {isa = PBXBuildFile; fileRef = D6A983C719BC0ADA0068E0BB /* RAC_tryTests.m */; };
		D6A983D319BC0CE70068E0BB /* TestViewModel.m in Sources */ = {isa = PBXBuildFile; fileRef = D6A983D219BC0CE70068E0BB /* TestViewModel.m */; };
/* End PBXBuildFile section */

/* Begin PBXContainerItemProxy section */
		D6A983BF19BC0ADA0068E0BB /* PBXContainerItemProxy */ = {
			isa = PBXContainerItemProxy;
			containerPortal = D6A9839119BC0AD90068E0BB /* Project object */;
			proxyType = 1;
			remoteGlobalIDString = D6A9839819BC0AD90068E0BB;
			remoteInfo = "RAC-try";
		};
/* End PBXContainerItemProxy section */

/* Begin PBXFileReference section */
		4A75F46F5E794CB19287E86D /* libPods.a */ = {isa = PBXFileReference; explicitFileType = archive.ar; includeInIndex = 0; path = libPods.a; sourceTree = BUILT_PRODUCTS_DIR; };
		D6A9839919BC0ADA0068E0BB /* RAC-try.app */ = {isa = PBXFileReference; explicitFileType = wrapper.application; includeInIndex = 0; path = "RAC-try.app"; sourceTree = BUILT_PRODUCTS_DIR; };
		D6A9839C19BC0ADA0068E0BB /* Foundation.framework */ = {isa = PBXFileReference; lastKnownFileType = wrapper.framework; name = Foundation.framework; path = System/Library/Frameworks/Foundation.framework; sourceTree = SDKROOT; };
		D6A9839E19BC0ADA0068E0BB /* CoreGraphics.framework */ = {isa = PBXFileReference; lastKnownFileType = wrapper.framework; name = CoreGraphics.framework; path = System/Library/Frameworks/CoreGraphics.framework; sourceTree = SDKROOT; };
		D6A983A019BC0ADA0068E0BB /* UIKit.framework */ = {isa = PBXFileReference; lastKnownFileType = wrapper.framework; name = UIKit.framework; path = System/Library/Frameworks/UIKit.framework; sourceTree = SDKROOT; };
		D6A983A419BC0ADA0068E0BB /* RAC-try-Info.plist */ = {isa = PBXFileReference; lastKnownFileType = text.plist.xml; path = "RAC-try-Info.plist"; sourceTree = "<group>"; };
		D6A983A619BC0ADA0068E0BB /* en */ = {isa = PBXFileReference; lastKnownFileType = text.plist.strings; name = en; path = en.lproj/InfoPlist.strings; sourceTree = "<group>"; };
		D6A983A819BC0ADA0068E0BB /* main.m */ = {isa = PBXFileReference; lastKnownFileType = sourcecode.c.objc; path = main.m; sourceTree = "<group>"; };
		D6A983AA19BC0ADA0068E0BB /* RAC-try-Prefix.pch */ = {isa = PBXFileReference; lastKnownFileType = sourcecode.c.h; path = "RAC-try-Prefix.pch"; sourceTree = "<group>"; };
		D6A983AB19BC0ADA0068E0BB /* AppDelegate.h */ = {isa = PBXFileReference; lastKnownFileType = sourcecode.c.h; path = AppDelegate.h; sourceTree = "<group>"; };
		D6A983AC19BC0ADA0068E0BB /* AppDelegate.m */ = {isa = PBXFileReference; lastKnownFileType = sourcecode.c.objc; path = AppDelegate.m; sourceTree = "<group>"; };
		D6A983AF19BC0ADA0068E0BB /* Base */ = {isa = PBXFileReference; lastKnownFileType = file.storyboard; name = Base; path = Base.lproj/Main.storyboard; sourceTree = "<group>"; };
		D6A983B119BC0ADA0068E0BB /* ViewController.h */ = {isa = PBXFileReference; lastKnownFileType = sourcecode.c.h; path = ViewController.h; sourceTree = "<group>"; };
		D6A983B219BC0ADA0068E0BB /* ViewController.m */ = {isa = PBXFileReference; lastKnownFileType = sourcecode.c.objc; path = ViewController.m; sourceTree = "<group>"; };
		D6A983B419BC0ADA0068E0BB /* Images.xcassets */ = {isa = PBXFileReference; lastKnownFileType = folder.assetcatalog; path = Images.xcassets; sourceTree = "<group>"; };
		D6A983BA19BC0ADA0068E0BB /* RAC-tryTests.xctest */ = {isa = PBXFileReference; explicitFileType = wrapper.cfbundle; includeInIndex = 0; path = "RAC-tryTests.xctest"; sourceTree = BUILT_PRODUCTS_DIR; };
		D6A983BB19BC0ADA0068E0BB /* XCTest.framework */ = {isa = PBXFileReference; lastKnownFileType = wrapper.framework; name = XCTest.framework; path = Library/Frameworks/XCTest.framework; sourceTree = DEVELOPER_DIR; };
		D6A983C319BC0ADA0068E0BB /* RAC-tryTests-Info.plist */ = {isa = PBXFileReference; lastKnownFileType = text.plist.xml; path = "RAC-tryTests-Info.plist"; sourceTree = "<group>"; };
		D6A983C519BC0ADA0068E0BB /* en */ = {isa = PBXFileReference; lastKnownFileType = text.plist.strings; name = en; path = en.lproj/InfoPlist.strings; sourceTree = "<group>"; };
		D6A983C719BC0ADA0068E0BB /* RAC_tryTests.m */ = {isa = PBXFileReference; lastKnownFileType = sourcecode.c.objc; path = RAC_tryTests.m; sourceTree = "<group>"; };
		D6A983D119BC0CE70068E0BB /* TestViewModel.h */ = {isa = PBXFileReference; fileEncoding = 4; lastKnownFileType = sourcecode.c.h; path = TestViewModel.h; sourceTree = "<group>"; };
		D6A983D219BC0CE70068E0BB /* TestViewModel.m */ = {isa = PBXFileReference; fileEncoding = 4; lastKnownFileType = sourcecode.c.objc; path = TestViewModel.m; sourceTree = "<group>"; };
		F24ABD1E4E9A4FE0ABB1211E /* Pods.xcconfig */ = {isa = PBXFileReference; includeInIndex = 1; lastKnownFileType = text.xcconfig; name = Pods.xcconfig; path = Pods/Pods.xcconfig; sourceTree = "<group>"; };
/* End PBXFileReference section */

/* Begin PBXFrameworksBuildPhase section */
		D6A9839619BC0AD90068E0BB /* Frameworks */ = {
			isa = PBXFrameworksBuildPhase;
			buildActionMask = 2147483647;
			files = (
				D6A9839F19BC0ADA0068E0BB /* CoreGraphics.framework in Frameworks */,
				D6A983A119BC0ADA0068E0BB /* UIKit.framework in Frameworks */,
				D6A9839D19BC0ADA0068E0BB /* Foundation.framework in Frameworks */,
				135479A6BC4245C09E1A0796 /* libPods.a in Frameworks */,
			);
			runOnlyForDeploymentPostprocessing = 0;
		};
		D6A983B719BC0ADA0068E0BB /* Frameworks */ = {
			isa = PBXFrameworksBuildPhase;
			buildActionMask = 2147483647;
			files = (
				D6A983BC19BC0ADA0068E0BB /* XCTest.framework in Frameworks */,
				D6A983BE19BC0ADA0068E0BB /* UIKit.framework in Frameworks */,
				D6A983BD19BC0ADA0068E0BB /* Foundation.framework in Frameworks */,
			);
			runOnlyForDeploymentPostprocessing = 0;
		};
/* End PBXFrameworksBuildPhase section */

/* Begin PBXGroup section */
		D6A9839019BC0AD90068E0BB = {
			isa = PBXGroup;
			children = (
				D6A983A219BC0ADA0068E0BB /* RAC-try */,
				D6A983C119BC0ADA0068E0BB /* RAC-tryTests */,
				D6A9839B19BC0ADA0068E0BB /* Frameworks */,
				D6A9839A19BC0ADA0068E0BB /* Products */,
				F24ABD1E4E9A4FE0ABB1211E /* Pods.xcconfig */,
			);
			sourceTree = "<group>";
		};
		D6A9839A19BC0ADA0068E0BB /* Products */ = {
			isa = PBXGroup;
			children = (
				D6A9839919BC0ADA0068E0BB /* RAC-try.app */,
				D6A983BA19BC0ADA0068E0BB /* RAC-tryTests.xctest */,
			);
			name = Products;
			sourceTree = "<group>";
		};
		D6A9839B19BC0ADA0068E0BB /* Frameworks */ = {
			isa = PBXGroup;
			children = (
				D6A9839C19BC0ADA0068E0BB /* Foundation.framework */,
				D6A9839E19BC0ADA0068E0BB /* CoreGraphics.framework */,
				D6A983A019BC0ADA0068E0BB /* UIKit.framework */,
				D6A983BB19BC0ADA0068E0BB /* XCTest.framework */,
				4A75F46F5E794CB19287E86D /* libPods.a */,
			);
			name = Frameworks;
			sourceTree = "<group>";
		};
		D6A983A219BC0ADA0068E0BB /* RAC-try */ = {
			isa = PBXGroup;
			children = (
				D6A983AB19BC0ADA0068E0BB /* AppDelegate.h */,
				D6A983AC19BC0ADA0068E0BB /* AppDelegate.m */,
				D6A983AE19BC0ADA0068E0BB /* Main.storyboard */,
				D6A983B119BC0ADA0068E0BB /* ViewController.h */,
				D6A983B219BC0ADA0068E0BB /* ViewController.m */,
				D6A983D119BC0CE70068E0BB /* TestViewModel.h */,
				D6A983D219BC0CE70068E0BB /* TestViewModel.m */,
				D6A983B419BC0ADA0068E0BB /* Images.xcassets */,
				D6A983A319BC0ADA0068E0BB /* Supporting Files */,
			);
			path = "RAC-try";
			sourceTree = "<group>";
		};
		D6A983A319BC0ADA0068E0BB /* Supporting Files */ = {
			isa = PBXGroup;
			children = (
				D6A983A419BC0ADA0068E0BB /* RAC-try-Info.plist */,
				D6A983A519BC0ADA0068E0BB /* InfoPlist.strings */,
				D6A983A819BC0ADA0068E0BB /* main.m */,
				D6A983AA19BC0ADA0068E0BB /* RAC-try-Prefix.pch */,
			);
			name = "Supporting Files";
			sourceTree = "<group>";
		};
		D6A983C119BC0ADA0068E0BB /* RAC-tryTests */ = {
			isa = PBXGroup;
			children = (
				D6A983C719BC0ADA0068E0BB /* RAC_tryTests.m */,
				D6A983C219BC0ADA0068E0BB /* Supporting Files */,
			);
			path = "RAC-tryTests";
			sourceTree = "<group>";
		};
		D6A983C219BC0ADA0068E0BB /* Supporting Files */ = {
			isa = PBXGroup;
			children = (
				D6A983C319BC0ADA0068E0BB /* RAC-tryTests-Info.plist */,
				D6A983C419BC0ADA0068E0BB /* InfoPlist.strings */,
			);
			name = "Supporting Files";
			sourceTree = "<group>";
		};
/* End PBXGroup section */

/* Begin PBXNativeTarget section */
		D6A9839819BC0AD90068E0BB /* RAC-try */ = {
			isa = PBXNativeTarget;
			buildConfigurationList = D6A983CB19BC0ADA0068E0BB /* Build configuration list for PBXNativeTarget "RAC-try" */;
			buildPhases = (
				9F5ABF5A3172495D9CCE86CD /* Check Pods Manifest.lock */,
				D6A9839519BC0AD90068E0BB /* Sources */,
				D6A9839619BC0AD90068E0BB /* Frameworks */,
				D6A9839719BC0AD90068E0BB /* Resources */,
				9E953C11ACA441C6B2F39DAE /* Copy Pods Resources */,
			);
			buildRules = (
			);
			dependencies = (
			);
			name = "RAC-try";
			productName = "RAC-try";
			productReference = D6A9839919BC0ADA0068E0BB /* RAC-try.app */;
			productType = "com.apple.product-type.application";
		};
		D6A983B919BC0ADA0068E0BB /* RAC-tryTests */ = {
			isa = PBXNativeTarget;
			buildConfigurationList = D6A983CE19BC0ADA0068E0BB /* Build configuration list for PBXNativeTarget "RAC-tryTests" */;
			buildPhases = (
				D6A983B619BC0ADA0068E0BB /* Sources */,
				D6A983B719BC0ADA0068E0BB /* Frameworks */,
				D6A983B819BC0ADA0068E0BB /* Resources */,
			);
			buildRules = (
			);
			dependencies = (
				D6A983C019BC0ADA0068E0BB /* PBXTargetDependency */,
			);
			name = "RAC-tryTests";
			productName = "RAC-tryTests";
			productReference = D6A983BA19BC0ADA0068E0BB /* RAC-tryTests.xctest */;
			productType = "com.apple.product-type.bundle.unit-test";
		};
/* End PBXNativeTarget section */

/* Begin PBXProject section */
		D6A9839119BC0AD90068E0BB /* Project object */ = {
			isa = PBXProject;
			attributes = {
				LastUpgradeCheck = 0510;
				ORGANIZATIONNAME = moguraproject;
				TargetAttributes = {
					D6A983B919BC0ADA0068E0BB = {
						TestTargetID = D6A9839819BC0AD90068E0BB;
					};
				};
			};
			buildConfigurationList = D6A9839419BC0AD90068E0BB /* Build configuration list for PBXProject "RAC-try" */;
			compatibilityVersion = "Xcode 3.2";
			developmentRegion = English;
			hasScannedForEncodings = 0;
			knownRegions = (
				en,
				Base,
			);
			mainGroup = D6A9839019BC0AD90068E0BB;
			productRefGroup = D6A9839A19BC0ADA0068E0BB /* Products */;
			projectDirPath = "";
			projectRoot = "";
			targets = (
				D6A9839819BC0AD90068E0BB /* RAC-try */,
				D6A983B919BC0ADA0068E0BB /* RAC-tryTests */,
			);
		};
/* End PBXProject section */

/* Begin PBXResourcesBuildPhase section */
		D6A9839719BC0AD90068E0BB /* Resources */ = {
			isa = PBXResourcesBuildPhase;
			buildActionMask = 2147483647;
			files = (
				D6A983B519BC0ADA0068E0BB /* Images.xcassets in Resources */,
				D6A983A719BC0ADA0068E0BB /* InfoPlist.strings in Resources */,
				D6A983B019BC0ADA0068E0BB /* Main.storyboard in Resources */,
			);
			runOnlyForDeploymentPostprocessing = 0;
		};
		D6A983B819BC0ADA0068E0BB /* Resources */ = {
			isa = PBXResourcesBuildPhase;
			buildActionMask = 2147483647;
			files = (
				D6A983C619BC0ADA0068E0BB /* InfoPlist.strings in Resources */,
			);
			runOnlyForDeploymentPostprocessing = 0;
		};
/* End PBXResourcesBuildPhase section */

/* Begin PBXShellScriptBuildPhase section */
		9E953C11ACA441C6B2F39DAE /* Copy Pods Resources */ = {
			isa = PBXShellScriptBuildPhase;
			buildActionMask = 2147483647;
			files = (
			);
			inputPaths = (
			);
			name = "Copy Pods Resources";
			outputPaths = (
			);
			runOnlyForDeploymentPostprocessing = 0;
			shellPath = /bin/sh;
			shellScript = "\"${SRCROOT}/Pods/Pods-resources.sh\"\n";
			showEnvVarsInLog = 0;
		};
		9F5ABF5A3172495D9CCE86CD /* Check Pods Manifest.lock */ = {
			isa = PBXShellScriptBuildPhase;
			buildActionMask = 2147483647;
			files = (
			);
			inputPaths = (
			);
			name = "Check Pods Manifest.lock";
			outputPaths = (
			);
			runOnlyForDeploymentPostprocessing = 0;
			shellPath = /bin/sh;
			shellScript = "diff \"${PODS_ROOT}/../Podfile.lock\" \"${PODS_ROOT}/Manifest.lock\" > /dev/null\nif [[ $? != 0 ]] ; then\n    cat << EOM\nerror: The sandbox is not in sync with the Podfile.lock. Run 'pod install' or update your CocoaPods installation.\nEOM\n    exit 1\nfi\n";
			showEnvVarsInLog = 0;
		};
/* End PBXShellScriptBuildPhase section */

/* Begin PBXSourcesBuildPhase section */
		D6A9839519BC0AD90068E0BB /* Sources */ = {
			isa = PBXSourcesBuildPhase;
			buildActionMask = 2147483647;
			files = (
				D6A983B319BC0ADA0068E0BB /* ViewController.m in Sources */,
				D6A983AD19BC0ADA0068E0BB /* AppDelegate.m in Sources */,
				D6A983D319BC0CE70068E0BB /* TestViewModel.m in Sources */,
				D6A983A919BC0ADA0068E0BB /* main.m in Sources */,
			);
			runOnlyForDeploymentPostprocessing = 0;
		};
		D6A983B619BC0ADA0068E0BB /* Sources */ = {
			isa = PBXSourcesBuildPhase;
			buildActionMask = 2147483647;
			files = (
				D6A983C819BC0ADA0068E0BB /* RAC_tryTests.m in Sources */,
			);
			runOnlyForDeploymentPostprocessing = 0;
		};
/* End PBXSourcesBuildPhase section */

/* Begin PBXTargetDependency section */
		D6A983C019BC0ADA0068E0BB /* PBXTargetDependency */ = {
			isa = PBXTargetDependency;
			target = D6A9839819BC0AD90068E0BB /* RAC-try */;
			targetProxy = D6A983BF19BC0ADA0068E0BB /* PBXContainerItemProxy */;
		};
/* End PBXTargetDependency section */

/* Begin PBXVariantGroup section */
		D6A983A519BC0ADA0068E0BB /* InfoPlist.strings */ = {
			isa = PBXVariantGroup;
			children = (
				D6A983A619BC0ADA0068E0BB /* en */,
			);
			name = InfoPlist.strings;
			sourceTree = "<group>";
		};
		D6A983AE19BC0ADA0068E0BB /* Main.storyboard */ = {
			isa = PBXVariantGroup;
			children = (
				D6A983AF19BC0ADA0068E0BB /* Base */,
			);
			name = Main.storyboard;
			sourceTree = "<group>";
		};
		D6A983C419BC0ADA0068E0BB /* InfoPlist.strings */ = {
			isa = PBXVariantGroup;
			children = (
				D6A983C519BC0ADA0068E0BB /* en */,
			);
			name = InfoPlist.strings;
			sourceTree = "<group>";
		};
/* End PBXVariantGroup section */

/* Begin XCBuildConfiguration section */
		D6A983C919BC0ADA0068E0BB /* Debug */ = {
			isa = XCBuildConfiguration;
			buildSettings = {
				ALWAYS_SEARCH_USER_PATHS = NO;
				CLANG_CXX_LANGUAGE_STANDARD = "gnu++0x";
				CLANG_CXX_LIBRARY = "libc++";
				CLANG_ENABLE_MODULES = YES;
				CLANG_ENABLE_OBJC_ARC = YES;
				CLANG_WARN_BOOL_CONVERSION = YES;
				CLANG_WARN_CONSTANT_CONVERSION = YES;
				CLANG_WARN_DIRECT_OBJC_ISA_USAGE = YES_ERROR;
				CLANG_WARN_EMPTY_BODY = YES;
				CLANG_WARN_ENUM_CONVERSION = YES;
				CLANG_WARN_INT_CONVERSION = YES;
				CLANG_WARN_OBJC_ROOT_CLASS = YES_ERROR;
				CLANG_WARN__DUPLICATE_METHOD_MATCH = YES;
				"CODE_SIGN_IDENTITY[sdk=iphoneos*]" = "iPhone Developer";
				COPY_PHASE_STRIP = NO;
				GCC_C_LANGUAGE_STANDARD = gnu99;
				GCC_DYNAMIC_NO_PIC = NO;
				GCC_OPTIMIZATION_LEVEL = 0;
				GCC_PREPROCESSOR_DEFINITIONS = (
					"DEBUG=1",
					"$(inherited)",
				);
				GCC_SYMBOLS_PRIVATE_EXTERN = NO;
				GCC_WARN_64_TO_32_BIT_CONVERSION = YES;
				GCC_WARN_ABOUT_RETURN_TYPE = YES_ERROR;
				GCC_WARN_UNDECLARED_SELECTOR = YES;
				GCC_WARN_UNINITIALIZED_AUTOS = YES_AGGRESSIVE;
				GCC_WARN_UNUSED_FUNCTION = YES;
				GCC_WARN_UNUSED_VARIABLE = YES;
				IPHONEOS_DEPLOYMENT_TARGET = 7.1;
				ONLY_ACTIVE_ARCH = YES;
				SDKROOT = iphoneos;
			};
			name = Debug;
		};
		D6A983CA19BC0ADA0068E0BB /* Release */ = {
			isa = XCBuildConfiguration;
			buildSettings = {
				ALWAYS_SEARCH_USER_PATHS = NO;
				CLANG_CXX_LANGUAGE_STANDARD = "gnu++0x";
				CLANG_CXX_LIBRARY = "libc++";
				CLANG_ENABLE_MODULES = YES;
				CLANG_ENABLE_OBJC_ARC = YES;
				CLANG_WARN_BOOL_CONVERSION = YES;
				CLANG_WARN_CONSTANT_CONVERSION = YES;
				CLANG_WARN_DIRECT_OBJC_ISA_USAGE = YES_ERROR;
				CLANG_WARN_EMPTY_BODY = YES;
				CLANG_WARN_ENUM_CONVERSION = YES;
				CLANG_WARN_INT_CONVERSION = YES;
				CLANG_WARN_OBJC_ROOT_CLASS = YES_ERROR;
				CLANG_WARN__DUPLICATE_METHOD_MATCH = YES;
				"CODE_SIGN_IDENTITY[sdk=iphoneos*]" = "iPhone Developer";
				COPY_PHASE_STRIP = YES;
				ENABLE_NS_ASSERTIONS = NO;
				GCC_C_LANGUAGE_STANDARD = gnu99;
				GCC_WARN_64_TO_32_BIT_CONVERSION = YES;
				GCC_WARN_ABOUT_RETURN_TYPE = YES_ERROR;
				GCC_WARN_UNDECLARED_SELECTOR = YES;
				GCC_WARN_UNINITIALIZED_AUTOS = YES_AGGRESSIVE;
				GCC_WARN_UNUSED_FUNCTION = YES;
				GCC_WARN_UNUSED_VARIABLE = YES;
				IPHONEOS_DEPLOYMENT_TARGET = 7.1;
				SDKROOT = iphoneos;
				VALIDATE_PRODUCT = YES;
			};
			name = Release;
		};
		D6A983CC19BC0ADA0068E0BB /* Debug */ = {
			isa = XCBuildConfiguration;
			baseConfigurationReference = F24ABD1E4E9A4FE0ABB1211E /* Pods.xcconfig */;
			buildSettings = {
				ASSETCATALOG_COMPILER_APPICON_NAME = AppIcon;
				ASSETCATALOG_COMPILER_LAUNCHIMAGE_NAME = LaunchImage;
				GCC_PRECOMPILE_PREFIX_HEADER = YES;
				GCC_PREFIX_HEADER = "RAC-try/RAC-try-Prefix.pch";
				INFOPLIST_FILE = "RAC-try/RAC-try-Info.plist";
				PRODUCT_NAME = "$(TARGET_NAME)";
				WRAPPER_EXTENSION = app;
			};
			name = Debug;
		};
		D6A983CD19BC0ADA0068E0BB /* Release */ = {
			isa = XCBuildConfiguration;
			baseConfigurationReference = F24ABD1E4E9A4FE0ABB1211E /* Pods.xcconfig */;
			buildSettings = {
				ASSETCATALOG_COMPILER_APPICON_NAME = AppIcon;
				ASSETCATALOG_COMPILER_LAUNCHIMAGE_NAME = LaunchImage;
				GCC_PRECOMPILE_PREFIX_HEADER = YES;
				GCC_PREFIX_HEADER = "RAC-try/RAC-try-Prefix.pch";
				INFOPLIST_FILE = "RAC-try/RAC-try-Info.plist";
				PRODUCT_NAME = "$(TARGET_NAME)";
				WRAPPER_EXTENSION = app;
			};
			name = Release;
		};
		D6A983CF19BC0ADA0068E0BB /* Debug */ = {
			isa = XCBuildConfiguration;
			buildSettings = {
				BUNDLE_LOADER = "$(BUILT_PRODUCTS_DIR)/RAC-try.app/RAC-try";
				FRAMEWORK_SEARCH_PATHS = (
					"$(SDKROOT)/Developer/Library/Frameworks",
					"$(inherited)",
					"$(DEVELOPER_FRAMEWORKS_DIR)",
				);
				GCC_PRECOMPILE_PREFIX_HEADER = YES;
				GCC_PREFIX_HEADER = "RAC-try/RAC-try-Prefix.pch";
				GCC_PREPROCESSOR_DEFINITIONS = (
					"DEBUG=1",
					"$(inherited)",
				);
				INFOPLIST_FILE = "RAC-tryTests/RAC-tryTests-Info.plist";
				PRODUCT_NAME = "$(TARGET_NAME)";
				TEST_HOST = "$(BUNDLE_LOADER)";
				WRAPPER_EXTENSION = xctest;
			};
			name = Debug;
		};
		D6A983D019BC0ADA0068E0BB /* Release */ = {
			isa = XCBuildConfiguration;
			buildSettings = {
				BUNDLE_LOADER = "$(BUILT_PRODUCTS_DIR)/RAC-try.app/RAC-try";
				FRAMEWORK_SEARCH_PATHS = (
					"$(SDKROOT)/Developer/Library/Frameworks",
					"$(inherited)",
					"$(DEVELOPER_FRAMEWORKS_DIR)",
				);
				GCC_PRECOMPILE_PREFIX_HEADER = YES;
				GCC_PREFIX_HEADER = "RAC-try/RAC-try-Prefix.pch";
				INFOPLIST_FILE = "RAC-tryTests/RAC-tryTests-Info.plist";
				PRODUCT_NAME = "$(TARGET_NAME)";
				TEST_HOST = "$(BUNDLE_LOADER)";
				WRAPPER_EXTENSION = xctest;
			};
			name = Release;
		};
/* End XCBuildConfiguration section */

/* Begin XCConfigurationList section */
		D6A9839419BC0AD90068E0BB /* Build configuration list for PBXProject "RAC-try" */ = {
			isa = XCConfigurationList;
			buildConfigurations = (
				D6A983C919BC0ADA0068E0BB /* Debug */,
				D6A983CA19BC0ADA0068E0BB /* Release */,
			);
			defaultConfigurationIsVisible = 0;
			defaultConfigurationName = Release;
		};
		D6A983CB19BC0ADA0068E0BB /* Build configuration list for PBXNativeTarget "RAC-try" */ = {
			isa = XCConfigurationList;
			buildConfigurations = (
				D6A983CC19BC0ADA0068E0BB /* Debug */,
				D6A983CD19BC0ADA0068E0BB /* Release */,
			);
			defaultConfigurationIsVisible = 0;
			defaultConfigurationName = Release;
		};
		D6A983CE19BC0ADA0068E0BB /* Build configuration list for PBXNativeTarget "RAC-tryTests" */ = {
			isa = XCConfigurationList;
			buildConfigurations = (
				D6A983CF19BC0ADA0068E0BB /* Debug */,
				D6A983D019BC0ADA0068E0BB /* Release */,
			);
			defaultConfigurationIsVisible = 0;
			defaultConfigurationName = Release;
		};
/* End XCConfigurationList section */
	};
	rootObject = D6A9839119BC0AD90068E0BB /* Project object */;
}
